uuid: 96c79161-dd60-4aa9-bd22-ef52fca03d6c
langcode: en
status: true
dependencies:
  module:
    - social_media
  theme:
    - bartik
_core:
  default_config_hash: ZT4GpiuERHcE52YunPd3wrMxx8BJwJMovYPjMPET5m8
id: socialsharingblock
theme: bartik
region: content
weight: 9
provider: null
plugin: social_sharing_block
settings:
  id: social_sharing_block
  label: 'Share this'
  provider: social_media
  label_display: visible
visibility: {  }
